// !$*UTF8*$!
{
	archiveVersion = 1;
	classes = {
	};
	objectVersion = 52;
	objects = {

/* Begin PBXBuildFile section */
		1DED5F6624FD5C7D001500B9 /* BookListApp.swift in Sources */ = {isa = PBXBuildFile; fileRef = 1DED5F5324FD5C79001500B9 /* BookListApp.swift */; };
		1DED5F6724FD5C7D001500B9 /* BookListApp.swift in Sources */ = {isa = PBXBuildFile; fileRef = 1DED5F5324FD5C79001500B9 /* BookListApp.swift */; };
		1DED5F6824FD5C7D001500B9 /* ContentView.swift in Sources */ = {isa = PBXBuildFile; fileRef = 1DED5F5424FD5C79001500B9 /* ContentView.swift */; };
		1DED5F6924FD5C7D001500B9 /* ContentView.swift in Sources */ = {isa = PBXBuildFile; fileRef = 1DED5F5424FD5C79001500B9 /* ContentView.swift */; };
		1DED5F6A24FD5C7D001500B9 /* Assets.xcassets in Resources */ = {isa = PBXBuildFile; fileRef = 1DED5F5524FD5C7D001500B9 /* Assets.xcassets */; };
		1DED5F6B24FD5C7D001500B9 /* Assets.xcassets in Resources */ = {isa = PBXBuildFile; fileRef = 1DED5F5524FD5C7D001500B9 /* Assets.xcassets */; };
		1DED5F7624FD5CE3001500B9 /* Book.swift in Sources */ = {isa = PBXBuildFile; fileRef = 1DED5F7524FD5CE3001500B9 /* Book.swift */; };
		1DED5F7B24FD5D5F001500B9 /* BooksListView.swift in Sources */ = {isa = PBXBuildFile; fileRef = 1DED5F7A24FD5D5F001500B9 /* BooksListView.swift */; };
		1DED5F7C24FD5D63001500B9 /* BooksListView.swift in Sources */ = {isa = PBXBuildFile; fileRef = 1DED5F7A24FD5D5F001500B9 /* BooksListView.swift */; };
		1DED5F7D24FD5D9C001500B9 /* Book.swift in Sources */ = {isa = PBXBuildFile; fileRef = 1DED5F7524FD5CE3001500B9 /* Book.swift */; };
		1DED5F7F24FD5F5B001500B9 /* GoogleService-Info.plist in Resources */ = {isa = PBXBuildFile; fileRef = 1DED5F7E24FD5F5B001500B9 /* GoogleService-Info.plist */; };
		1DED5F8024FD5F5B001500B9 /* GoogleService-Info.plist in Resources */ = {isa = PBXBuildFile; fileRef = 1DED5F7E24FD5F5B001500B9 /* GoogleService-Info.plist */; };
		1DED5F8324FD6236001500B9 /* FirebaseFirestore in Frameworks */ = {isa = PBXBuildFile; productRef = 1DED5F8224FD6236001500B9 /* FirebaseFirestore */; };
		1DED5F8524FD6236001500B9 /* FirebaseAnalytics in Frameworks */ = {isa = PBXBuildFile; productRef = 1DED5F8424FD6236001500B9 /* FirebaseAnalytics */; };
		1DED5F8724FD6236001500B9 /* FirebaseFirestoreSwift in Frameworks */ = {isa = PBXBuildFile; productRef = 1DED5F8624FD6236001500B9 /* FirebaseFirestoreSwift */; };
		1DED5F8924FD6236001500B9 /* FirebaseAuth in Frameworks */ = {isa = PBXBuildFile; productRef = 1DED5F8824FD6236001500B9 /* FirebaseAuth */; };
		1DED5F8B24FD6236001500B9 /* FirebaseCore in Frameworks */ = {isa = PBXBuildFile; productRef = 1DED5F8A24FD6236001500B9 /* FirebaseCore */; };
		1DED5F8D24FD6236001500B9 /* Firebase in Frameworks */ = {isa = PBXBuildFile; productRef = 1DED5F8C24FD6236001500B9 /* Firebase */; };
/* End PBXBuildFile section */

/* Begin PBXFileReference section */
		1DED5F5324FD5C79001500B9 /* BookListApp.swift */ = {isa = PBXFileReference; lastKnownFileType = sourcecode.swift; path = BookListApp.swift; sourceTree = "<group>"; };
		1DED5F5424FD5C79001500B9 /* ContentView.swift */ = {isa = PBXFileReference; lastKnownFileType = sourcecode.swift; path = ContentView.swift; sourceTree = "<group>"; };
		1DED5F5524FD5C7D001500B9 /* Assets.xcassets */ = {isa = PBXFileReference; lastKnownFileType = folder.assetcatalog; path = Assets.xcassets; sourceTree = "<group>"; };
		1DED5F5A24FD5C7D001500B9 /* BookList.app */ = {isa = PBXFileReference; explicitFileType = wrapper.application; includeInIndex = 0; path = BookList.app; sourceTree = BUILT_PRODUCTS_DIR; };
		1DED5F5D24FD5C7D001500B9 /* Info.plist */ = {isa = PBXFileReference; lastKnownFileType = text.plist.xml; path = Info.plist; sourceTree = "<group>"; };
		1DED5F6224FD5C7D001500B9 /* BookList.app */ = {isa = PBXFileReference; explicitFileType = wrapper.application; includeInIndex = 0; path = BookList.app; sourceTree = BUILT_PRODUCTS_DIR; };
		1DED5F6424FD5C7D001500B9 /* Info.plist */ = {isa = PBXFileReference; lastKnownFileType = text.plist.xml; path = Info.plist; sourceTree = "<group>"; };
		1DED5F6524FD5C7D001500B9 /* macOS.entitlements */ = {isa = PBXFileReference; lastKnownFileType = text.plist.entitlements; path = macOS.entitlements; sourceTree = "<group>"; };
		1DED5F7524FD5CE3001500B9 /* Book.swift */ = {isa = PBXFileReference; lastKnownFileType = sourcecode.swift; path = Book.swift; sourceTree = "<group>"; };
		1DED5F7A24FD5D5F001500B9 /* BooksListView.swift */ = {isa = PBXFileReference; lastKnownFileType = sourcecode.swift; path = BooksListView.swift; sourceTree = "<group>"; };
		1DED5F7E24FD5F5B001500B9 /* GoogleService-Info.plist */ = {isa = PBXFileReference; fileEncoding = 4; lastKnownFileType = text.plist.xml; path = "GoogleService-Info.plist"; sourceTree = "<group>"; };
/* End PBXFileReference section */

/* Begin PBXFrameworksBuildPhase section */
		1DED5F5724FD5C7D001500B9 /* Frameworks */ = {
			isa = PBXFrameworksBuildPhase;
			buildActionMask = 2147483647;
			files = (
				1DED5F8524FD6236001500B9 /* FirebaseAnalytics in Frameworks */,
				1DED5F8B24FD6236001500B9 /* FirebaseCore in Frameworks */,
				1DED5F8324FD6236001500B9 /* FirebaseFirestore in Frameworks */,
				1DED5F8724FD6236001500B9 /* FirebaseFirestoreSwift in Frameworks */,
				1DED5F8924FD6236001500B9 /* FirebaseAuth in Frameworks */,
				1DED5F8D24FD6236001500B9 /* Firebase in Frameworks */,
			);
			runOnlyForDeploymentPostprocessing = 0;
		};
		1DED5F5F24FD5C7D001500B9 /* Frameworks */ = {
			isa = PBXFrameworksBuildPhase;
			buildActionMask = 2147483647;
			files = (
			);
			runOnlyForDeploymentPostprocessing = 0;
		};
/* End PBXFrameworksBuildPhase section */

/* Begin PBXGroup section */
		1DED5F4D24FD5C78001500B9 = {
			isa = PBXGroup;
			children = (
				1DED5F5224FD5C79001500B9 /* Shared */,
				1DED5F7E24FD5F5B001500B9 /* GoogleService-Info.plist */,
				1DED5F5C24FD5C7D001500B9 /* iOS */,
				1DED5F6324FD5C7D001500B9 /* macOS */,
				1DED5F5B24FD5C7D001500B9 /* Products */,
			);
			sourceTree = "<group>";
		};
		1DED5F5224FD5C79001500B9 /* Shared */ = {
			isa = PBXGroup;
			children = (
				1DED5F7824FD5D42001500B9 /* App */,
				1DED5F7724FD5D3B001500B9 /* View */,
				1DED5F7424FD5CD7001500B9 /* Model */,
				1DED5F5524FD5C7D001500B9 /* Assets.xcassets */,
			);
			path = Shared;
			sourceTree = "<group>";
		};
		1DED5F5B24FD5C7D001500B9 /* Products */ = {
			isa = PBXGroup;
			children = (
				1DED5F5A24FD5C7D001500B9 /* BookList.app */,
				1DED5F6224FD5C7D001500B9 /* BookList.app */,
			);
			name = Products;
			sourceTree = "<group>";
		};
		1DED5F5C24FD5C7D001500B9 /* iOS */ = {
			isa = PBXGroup;
			children = (
				1DED5F5D24FD5C7D001500B9 /* Info.plist */,
			);
			path = iOS;
			sourceTree = "<group>";
		};
		1DED5F6324FD5C7D001500B9 /* macOS */ = {
			isa = PBXGroup;
			children = (
				1DED5F6424FD5C7D001500B9 /* Info.plist */,
				1DED5F6524FD5C7D001500B9 /* macOS.entitlements */,
			);
			path = macOS;
			sourceTree = "<group>";
		};
		1DED5F7424FD5CD7001500B9 /* Model */ = {
			isa = PBXGroup;
			children = (
				1DED5F7524FD5CE3001500B9 /* Book.swift */,
			);
			path = Model;
			sourceTree = "<group>";
		};
		1DED5F7724FD5D3B001500B9 /* View */ = {
			isa = PBXGroup;
			children = (
				1DED5F5424FD5C79001500B9 /* ContentView.swift */,
				1DED5F7A24FD5D5F001500B9 /* BooksListView.swift */,
			);
			path = View;
			sourceTree = "<group>";
		};
		1DED5F7824FD5D42001500B9 /* App */ = {
			isa = PBXGroup;
			children = (
				1DED5F5324FD5C79001500B9 /* BookListApp.swift */,
			);
			path = App;
			sourceTree = "<group>";
		};
/* End PBXGroup section */

/* Begin PBXNativeTarget section */
		1DED5F5924FD5C7D001500B9 /* BookList (iOS) */ = {
			isa = PBXNativeTarget;
			buildConfigurationList = 1DED5F6E24FD5C7D001500B9 /* Build configuration list for PBXNativeTarget "BookList (iOS)" */;
			buildPhases = (
				1DED5F5624FD5C7D001500B9 /* Sources */,
				1DED5F5724FD5C7D001500B9 /* Frameworks */,
				1DED5F5824FD5C7D001500B9 /* Resources */,
			);
			buildRules = (
			);
			dependencies = (
			);
			name = "BookList (iOS)";
			packageProductDependencies = (
				1DED5F8224FD6236001500B9 /* FirebaseFirestore */,
				1DED5F8424FD6236001500B9 /* FirebaseAnalytics */,
				1DED5F8624FD6236001500B9 /* FirebaseFirestoreSwift */,
				1DED5F8824FD6236001500B9 /* FirebaseAuth */,
				1DED5F8A24FD6236001500B9 /* FirebaseCore */,
				1DED5F8C24FD6236001500B9 /* Firebase */,
			);
			productName = "BookList (iOS)";
			productReference = 1DED5F5A24FD5C7D001500B9 /* BookList.app */;
			productType = "com.apple.product-type.application";
		};
		1DED5F6124FD5C7D001500B9 /* BookList (macOS) */ = {
			isa = PBXNativeTarget;
			buildConfigurationList = 1DED5F7124FD5C7D001500B9 /* Build configuration list for PBXNativeTarget "BookList (macOS)" */;
			buildPhases = (
				1DED5F5E24FD5C7D001500B9 /* Sources */,
				1DED5F5F24FD5C7D001500B9 /* Frameworks */,
				1DED5F6024FD5C7D001500B9 /* Resources */,
			);
			buildRules = (
			);
			dependencies = (
			);
			name = "BookList (macOS)";
			productName = "BookList (macOS)";
			productReference = 1DED5F6224FD5C7D001500B9 /* BookList.app */;
			productType = "com.apple.product-type.application";
		};
/* End PBXNativeTarget section */

/* Begin PBXProject section */
		1DED5F4E24FD5C78001500B9 /* Project object */ = {
			isa = PBXProject;
			attributes = {
				LastSwiftUpdateCheck = 1200;
				LastUpgradeCheck = 1200;
				TargetAttributes = {
					1DED5F5924FD5C7D001500B9 = {
						CreatedOnToolsVersion = 12.0;
					};
					1DED5F6124FD5C7D001500B9 = {
						CreatedOnToolsVersion = 12.0;
					};
				};
			};
			buildConfigurationList = 1DED5F5124FD5C78001500B9 /* Build configuration list for PBXProject "BookList" */;
			compatibilityVersion = "Xcode 9.3";
			developmentRegion = en;
			hasScannedForEncodings = 0;
			knownRegions = (
				en,
				Base,
			);
			mainGroup = 1DED5F4D24FD5C78001500B9;
			packageReferences = (
				1DED5F8124FD6236001500B9 /* XCRemoteSwiftPackageReference "firebase-ios-sdk" */,
			);
			productRefGroup = 1DED5F5B24FD5C7D001500B9 /* Products */;
			projectDirPath = "";
			projectRoot = "";
			targets = (
				1DED5F5924FD5C7D001500B9 /* BookList (iOS) */,
				1DED5F6124FD5C7D001500B9 /* BookList (macOS) */,
			);
		};
/* End PBXProject section */

/* Begin PBXResourcesBuildPhase section */
		1DED5F5824FD5C7D001500B9 /* Resources */ = {
			isa = PBXResourcesBuildPhase;
			buildActionMask = 2147483647;
			files = (
				1DED5F7F24FD5F5B001500B9 /* GoogleService-Info.plist in Resources */,
				1DED5F6A24FD5C7D001500B9 /* Assets.xcassets in Resources */,
			);
			runOnlyForDeploymentPostprocessing = 0;
		};
		1DED5F6024FD5C7D001500B9 /* Resources */ = {
			isa = PBXResourcesBuildPhase;
			buildActionMask = 2147483647;
			files = (
				1DED5F8024FD5F5B001500B9 /* GoogleService-Info.plist in Resources */,
				1DED5F6B24FD5C7D001500B9 /* Assets.xcassets in Resources */,
			);
			runOnlyForDeploymentPostprocessing = 0;
		};
/* End PBXResourcesBuildPhase section */

/* Begin PBXSourcesBuildPhase section */
		1DED5F5624FD5C7D001500B9 /* Sources */ = {
			isa = PBXSourcesBuildPhase;
			buildActionMask = 2147483647;
			files = (
				1DED5F6824FD5C7D001500B9 /* ContentView.swift in Sources */,
				1DED5F6624FD5C7D001500B9 /* BookListApp.swift in Sources */,
				1DED5F7624FD5CE3001500B9 /* Book.swift in Sources */,
				1DED5F7B24FD5D5F001500B9 /* BooksListView.swift in Sources */,
			);
			runOnlyForDeploymentPostprocessing = 0;
		};
		1DED5F5E24FD5C7D001500B9 /* Sources */ = {
			isa = PBXSourcesBuildPhase;
			buildActionMask = 2147483647;
			files = (
				1DED5F7D24FD5D9C001500B9 /* Book.swift in Sources */,
				1DED5F6924FD5C7D001500B9 /* ContentView.swift in Sources */,
				1DED5F6724FD5C7D001500B9 /* BookListApp.swift in Sources */,
				1DED5F7C24FD5D63001500B9 /* BooksListView.swift in Sources */,
			);
			runOnlyForDeploymentPostprocessing = 0;
		};
/* End PBXSourcesBuildPhase section */

/* Begin XCBuildConfiguration section */
		1DED5F6C24FD5C7D001500B9 /* Debug */ = {
			isa = XCBuildConfiguration;
			buildSettings = {
				ALWAYS_SEARCH_USER_PATHS = NO;
				CLANG_ANALYZER_NONNULL = YES;
				CLANG_ANALYZER_NUMBER_OBJECT_CONVERSION = YES_AGGRESSIVE;
				CLANG_CXX_LANGUAGE_STANDARD = "gnu++14";
				CLANG_CXX_LIBRARY = "libc++";
				CLANG_ENABLE_MODULES = YES;
				CLANG_ENABLE_OBJC_ARC = YES;
				CLANG_ENABLE_OBJC_WEAK = YES;
				CLANG_WARN_BLOCK_CAPTURE_AUTORELEASING = YES;
				CLANG_WARN_BOOL_CONVERSION = YES;
				CLANG_WARN_COMMA = YES;
				CLANG_WARN_CONSTANT_CONVERSION = YES;
				CLANG_WARN_DEPRECATED_OBJC_IMPLEMENTATIONS = YES;
				CLANG_WARN_DIRECT_OBJC_ISA_USAGE = YES_ERROR;
				CLANG_WARN_DOCUMENTATION_COMMENTS = YES;
				CLANG_WARN_EMPTY_BODY = YES;
				CLANG_WARN_ENUM_CONVERSION = YES;
				CLANG_WARN_INFINITE_RECURSION = YES;
				CLANG_WARN_INT_CONVERSION = YES;
				CLANG_WARN_NON_LITERAL_NULL_CONVERSION = YES;
				CLANG_WARN_OBJC_IMPLICIT_RETAIN_SELF = YES;
				CLANG_WARN_OBJC_LITERAL_CONVERSION = YES;
				CLANG_WARN_OBJC_ROOT_CLASS = YES_ERROR;
				CLANG_WARN_QUOTED_INCLUDE_IN_FRAMEWORK_HEADER = YES;
				CLANG_WARN_RANGE_LOOP_ANALYSIS = YES;
				CLANG_WARN_STRICT_PROTOTYPES = YES;
				CLANG_WARN_SUSPICIOUS_MOVE = YES;
				CLANG_WARN_UNGUARDED_AVAILABILITY = YES_AGGRESSIVE;
				CLANG_WARN_UNREACHABLE_CODE = YES;
				CLANG_WARN__DUPLICATE_METHOD_MATCH = YES;
				COPY_PHASE_STRIP = NO;
				DEBUG_INFORMATION_FORMAT = dwarf;
				ENABLE_STRICT_OBJC_MSGSEND = YES;
				ENABLE_TESTABILITY = YES;
				GCC_C_LANGUAGE_STANDARD = gnu11;
				GCC_DYNAMIC_NO_PIC = NO;
				GCC_NO_COMMON_BLOCKS = YES;
				GCC_OPTIMIZATION_LEVEL = 0;
				GCC_PREPROCESSOR_DEFINITIONS = (
					"DEBUG=1",
					"$(inherited)",
				);
				GCC_WARN_64_TO_32_BIT_CONVERSION = YES;
				GCC_WARN_ABOUT_RETURN_TYPE = YES_ERROR;
				GCC_WARN_UNDECLARED_SELECTOR = YES;
				GCC_WARN_UNINITIALIZED_AUTOS = YES_AGGRESSIVE;
				GCC_WARN_UNUSED_FUNCTION = YES;
				GCC_WARN_UNUSED_VARIABLE = YES;
				MTL_ENABLE_DEBUG_INFO = INCLUDE_SOURCE;
				MTL_FAST_MATH = YES;
				ONLY_ACTIVE_ARCH = YES;
				SWIFT_ACTIVE_COMPILATION_CONDITIONS = DEBUG;
				SWIFT_OPTIMIZATION_LEVEL = "-Onone";
			};
			name = Debug;
		};
		1DED5F6D24FD5C7D001500B9 /* Release */ = {
			isa = XCBuildConfiguration;
			buildSettings = {
				ALWAYS_SEARCH_USER_PATHS = NO;
				CLANG_ANALYZER_NONNULL = YES;
				CLANG_ANALYZER_NUMBER_OBJECT_CONVERSION = YES_AGGRESSIVE;
				CLANG_CXX_LANGUAGE_STANDARD = "gnu++14";
				CLANG_CXX_LIBRARY = "libc++";
				CLANG_ENABLE_MODULES = YES;
				CLANG_ENABLE_OBJC_ARC = YES;
				CLANG_ENABLE_OBJC_WEAK = YES;
				CLANG_WARN_BLOCK_CAPTURE_AUTORELEASING = YES;
				CLANG_WARN_BOOL_CONVERSION = YES;
				CLANG_WARN_COMMA = YES;
				CLANG_WARN_CONSTANT_CONVERSION = YES;
				CLANG_WARN_DEPRECATED_OBJC_IMPLEMENTATIONS = YES;
				CLANG_WARN_DIRECT_OBJC_ISA_USAGE = YES_ERROR;
				CLANG_WARN_DOCUMENTATION_COMMENTS = YES;
				CLANG_WARN_EMPTY_BODY = YES;
				CLANG_WARN_ENUM_CONVERSION = YES;
				CLANG_WARN_INFINITE_RECURSION = YES;
				CLANG_WARN_INT_CONVERSION = YES;
				CLANG_WARN_NON_LITERAL_NULL_CONVERSION = YES;
				CLANG_WARN_OBJC_IMPLICIT_RETAIN_SELF = YES;
				CLANG_WARN_OBJC_LITERAL_CONVERSION = YES;
				CLANG_WARN_OBJC_ROOT_CLASS = YES_ERROR;
				CLANG_WARN_QUOTED_INCLUDE_IN_FRAMEWORK_HEADER = YES;
				CLANG_WARN_RANGE_LOOP_ANALYSIS = YES;
				CLANG_WARN_STRICT_PROTOTYPES = YES;
				CLANG_WARN_SUSPICIOUS_MOVE = YES;
				CLANG_WARN_UNGUARDED_AVAILABILITY = YES_AGGRESSIVE;
				CLANG_WARN_UNREACHABLE_CODE = YES;
				CLANG_WARN__DUPLICATE_METHOD_MATCH = YES;
				COPY_PHASE_STRIP = NO;
				DEBUG_INFORMATION_FORMAT = "dwarf-with-dsym";
				ENABLE_NS_ASSERTIONS = NO;
				ENABLE_STRICT_OBJC_MSGSEND = YES;
				GCC_C_LANGUAGE_STANDARD = gnu11;
				GCC_NO_COMMON_BLOCKS = YES;
				GCC_WARN_64_TO_32_BIT_CONVERSION = YES;
				GCC_WARN_ABOUT_RETURN_TYPE = YES_ERROR;
				GCC_WARN_UNDECLARED_SELECTOR = YES;
				GCC_WARN_UNINITIALIZED_AUTOS = YES_AGGRESSIVE;
				GCC_WARN_UNUSED_FUNCTION = YES;
				GCC_WARN_UNUSED_VARIABLE = YES;
				MTL_ENABLE_DEBUG_INFO = NO;
				MTL_FAST_MATH = YES;
				SWIFT_COMPILATION_MODE = wholemodule;
				SWIFT_OPTIMIZATION_LEVEL = "-O";
			};
			name = Release;
		};
		1DED5F6F24FD5C7D001500B9 /* Debug */ = {
			isa = XCBuildConfiguration;
			buildSettings = {
				ASSETCATALOG_COMPILER_APPICON_NAME = AppIcon;
				ASSETCATALOG_COMPILER_GLOBAL_ACCENT_COLOR_NAME = AccentColor;
				CODE_SIGN_STYLE = Automatic;
				DEVELOPMENT_TEAM = 4V6Q43SM3J;
				ENABLE_PREVIEWS = YES;
				INFOPLIST_FILE = iOS/Info.plist;
				IPHONEOS_DEPLOYMENT_TARGET = 14.0;
				LD_RUNPATH_SEARCH_PATHS = (
					"$(inherited)",
					"@executable_path/Frameworks",
				);
				PRODUCT_BUNDLE_IDENTIFIER = com.realityworks.BookList;
				PRODUCT_NAME = BookList;
				SDKROOT = iphoneos;
				SWIFT_VERSION = 5.0;
				TARGETED_DEVICE_FAMILY = "1,2";
			};
			name = Debug;
		};
		1DED5F7024FD5C7D001500B9 /* Release */ = {
			isa = XCBuildConfiguration;
			buildSettings = {
				ASSETCATALOG_COMPILER_APPICON_NAME = AppIcon;
				ASSETCATALOG_COMPILER_GLOBAL_ACCENT_COLOR_NAME = AccentColor;
				CODE_SIGN_STYLE = Automatic;
				DEVELOPMENT_TEAM = 4V6Q43SM3J;
				ENABLE_PREVIEWS = YES;
				INFOPLIST_FILE = iOS/Info.plist;
				IPHONEOS_DEPLOYMENT_TARGET = 14.0;
				LD_RUNPATH_SEARCH_PATHS = (
					"$(inherited)",
					"@executable_path/Frameworks",
				);
				PRODUCT_BUNDLE_IDENTIFIER = com.realityworks.BookList;
				PRODUCT_NAME = BookList;
				SDKROOT = iphoneos;
				SWIFT_VERSION = 5.0;
				TARGETED_DEVICE_FAMILY = "1,2";
				VALIDATE_PRODUCT = YES;
			};
			name = Release;
		};
		1DED5F7224FD5C7D001500B9 /* Debug */ = {
			isa = XCBuildConfiguration;
			buildSettings = {
				ASSETCATALOG_COMPILER_APPICON_NAME = AppIcon;
				ASSETCATALOG_COMPILER_GLOBAL_ACCENT_COLOR_NAME = AccentColor;
				CODE_SIGN_ENTITLEMENTS = macOS/macOS.entitlements;
				CODE_SIGN_STYLE = Automatic;
				COMBINE_HIDPI_IMAGES = YES;
				DEVELOPMENT_TEAM = 4V6Q43SM3J;
				ENABLE_HARDENED_RUNTIME = YES;
				ENABLE_PREVIEWS = YES;
				INFOPLIST_FILE = macOS/Info.plist;
				LD_RUNPATH_SEARCH_PATHS = (
					"$(inherited)",
					"@executable_path/../Frameworks",
				);
				MACOSX_DEPLOYMENT_TARGET = 11.0;
				PRODUCT_BUNDLE_IDENTIFIER = realityworks.BookList;
				PRODUCT_NAME = BookList;
				SDKROOT = macosx;
				SWIFT_VERSION = 5.0;
			};
			name = Debug;
		};
		1DED5F7324FD5C7D001500B9 /* Release */ = {
			isa = XCBuildConfiguration;
			buildSettings = {
				ASSETCATALOG_COMPILER_APPICON_NAME = AppIcon;
				ASSETCATALOG_COMPILER_GLOBAL_ACCENT_COLOR_NAME = AccentColor;
				CODE_SIGN_ENTITLEMENTS = macOS/macOS.entitlements;
				CODE_SIGN_STYLE = Automatic;
				COMBINE_HIDPI_IMAGES = YES;
				DEVELOPMENT_TEAM = 4V6Q43SM3J;
				ENABLE_HARDENED_RUNTIME = YES;
				ENABLE_PREVIEWS = YES;
				INFOPLIST_FILE = macOS/Info.plist;
				LD_RUNPATH_SEARCH_PATHS = (
					"$(inherited)",
					"@executable_path/../Frameworks",
				);
				MACOSX_DEPLOYMENT_TARGET = 11.0;
				PRODUCT_BUNDLE_IDENTIFIER = realityworks.BookList;
				PRODUCT_NAME = BookList;
				SDKROOT = macosx;
				SWIFT_VERSION = 5.0;
			};
			name = Release;
		};
/* End XCBuildConfiguration section */

/* Begin XCConfigurationList section */
		1DED5F5124FD5C78001500B9 /* Build configuration list for PBXProject "BookList" */ = {
			isa = XCConfigurationList;
			buildConfigurations = (
				1DED5F6C24FD5C7D001500B9 /* Debug */,
				1DED5F6D24FD5C7D001500B9 /* Release */,
			);
			defaultConfigurationIsVisible = 0;
			defaultConfigurationName = Release;
		};
		1DED5F6E24FD5C7D001500B9 /* Build configuration list for PBXNativeTarget "BookList (iOS)" */ = {
			isa = XCConfigurationList;
			buildConfigurations = (
				1DED5F6F24FD5C7D001500B9 /* Debug */,
				1DED5F7024FD5C7D001500B9 /* Release */,
			);
			defaultConfigurationIsVisible = 0;
			defaultConfigurationName = Release;
		};
		1DED5F7124FD5C7D001500B9 /* Build configuration list for PBXNativeTarget "BookList (macOS)" */ = {
			isa = XCConfigurationList;
			buildConfigurations = (
				1DED5F7224FD5C7D001500B9 /* Debug */,
				1DED5F7324FD5C7D001500B9 /* Release */,
			);
			defaultConfigurationIsVisible = 0;
			defaultConfigurationName = Release;
		};
/* End XCConfigurationList section */

/* Begin XCRemoteSwiftPackageReference section */
		1DED5F8124FD6236001500B9 /* XCRemoteSwiftPackageReference "firebase-ios-sdk" */ = {
			isa = XCRemoteSwiftPackageReference;
			repositoryURL = "https://github.com/firebase/firebase-ios-sdk.git";
			requirement = {
				branch = master;
				kind = branch;
			};
		};
/* End XCRemoteSwiftPackageReference section */

/* Begin XCSwiftPackageProductDependency section */
		1DED5F8224FD6236001500B9 /* FirebaseFirestore */ = {
			isa = XCSwiftPackageProductDependency;
			package = 1DED5F8124FD6236001500B9 /* XCRemoteSwiftPackageReference "firebase-ios-sdk" */;
			productName = FirebaseFirestore;
		};
		1DED5F8424FD6236001500B9 /* FirebaseAnalytics */ = {
			isa = XCSwiftPackageProductDependency;
			package = 1DED5F8124FD6236001500B9 /* XCRemoteSwiftPackageReference "firebase-ios-sdk" */;
			productName = FirebaseAnalytics;
		};
		1DED5F8624FD6236001500B9 /* FirebaseFirestoreSwift */ = {
			isa = XCSwiftPackageProductDependency;
			package = 1DED5F8124FD6236001500B9 /* XCRemoteSwiftPackageReference "firebase-ios-sdk" */;
			productName = FirebaseFirestoreSwift;
		};
		1DED5F8824FD6236001500B9 /* FirebaseAuth */ = {
			isa = XCSwiftPackageProductDependency;
			package = 1DED5F8124FD6236001500B9 /* XCRemoteSwiftPackageReference "firebase-ios-sdk" */;
			productName = FirebaseAuth;
		};
		1DED5F8A24FD6236001500B9 /* FirebaseCore */ = {
			isa = XCSwiftPackageProductDependency;
			package = 1DED5F8124FD6236001500B9 /* XCRemoteSwiftPackageReference "firebase-ios-sdk" */;
			productName = FirebaseCore;
		};
		1DED5F8C24FD6236001500B9 /* Firebase */ = {
			isa = XCSwiftPackageProductDependency;
			package = 1DED5F8124FD6236001500B9 /* XCRemoteSwiftPackageReference "firebase-ios-sdk" */;
			productName = Firebase;
		};
/* End XCSwiftPackageProductDependency section */
	};
	rootObject = 1DED5F4E24FD5C78001500B9 /* Project object */;
}
